
Microsoft Visual Studio Solution File, Format Version 12.00
# Visual Studio Version 17
VisualStudioVersion = 17.0.32126.317
MinimumVisualStudioVersion = 10.0.40219.1
Project("{FAE04EC0-301F-11D3-BF4B-00C04F79EFBC}") = "BlackSys", "BlackSys\BlackSys.csproj", "{42677CA6-86A0-45AE-8D65-6CCB6A30BF0B}"
EndProject
Project("{FAE04EC0-301F-11D3-BF4B-00C04F79EFBC}") = "CapaAccesoDatos", "CapaAccesoDatos\CapaAccesoDatos.csproj", "{78FD1B7B-74D2-46A5-9FCA-818A1BD53629}"
EndProject
Global
	GlobalSection(SolutionConfigurationPlatforms) = preSolution
		Debug|Any CPU = Debug|Any CPU
		Release|Any CPU = Release|Any CPU
	EndGlobalSection
	GlobalSection(ProjectConfigurationPlatforms) = postSolution
		{42677CA6-86A0-45AE-8D65-6CCB6A30BF0B}.Debug|Any CPU.ActiveCfg = Debug|Any CPU
		{42677CA6-86A0-45AE-8D65-6CCB6A30BF0B}.Debug|Any CPU.Build.0 = Debug|Any CPU
		{42677CA6-86A0-45AE-8D65-6CCB6A30BF0B}.Release|Any CPU.ActiveCfg = Release|Any CPU
		{42677CA6-86A0-45AE-8D65-6CCB6A30BF0B}.Release|Any CPU.Build.0 = Release|Any CPU
		{78FD1B7B-74D2-46A5-9FCA-818A1BD53629}.Debug|Any CPU.ActiveCfg = Debug|Any CPU
		{78FD1B7B-74D2-46A5-9FCA-818A1BD53629}.Debug|Any CPU.Build.0 = Debug|Any CPU
		{78FD1B7B-74D2-46A5-9FCA-818A1BD53629}.Release|Any CPU.ActiveCfg = Release|Any CPU
		{78FD1B7B-74D2-46A5-9FCA-818A1BD53629}.Release|Any CPU.Build.0 = Release|Any CPU
	EndGlobalSection
	GlobalSection(SolutionProperties) = preSolution
		HideSolutionNode = FALSE
	EndGlobalSection
	GlobalSection(ExtensibilityGlobals) = postSolution
		SolutionGuid = {879B4DEF-FD83-448A-8CDC-E4E15E7648BF}
	EndGlobalSection
EndGlobal
